{
    "_readme": [
        "This file locks the dependencies of your project to a known state",
        "Read more about it at https://getcomposer.org/doc/01-basic-usage.md#composer-lock-the-lock-file",
        "This file is @generated automatically"
    ],
    "content-hash": "756d7c3c385825c7de30a37b3d9c415f",
    "packages": [
        {
            "name": "composer/semver",
            "version": "dev-master",
            "source": {
                "type": "git",
                "url": "https://github.com/composer/semver.git",
                "reference": "37e4db276f38376a63ea67e96b09571d74312779"
            },
            "dist": {
                "type": "zip",
                "url": "https://api.github.com/repos/composer/semver/zipball/37e4db276f38376a63ea67e96b09571d74312779",
                "reference": "37e4db276f38376a63ea67e96b09571d74312779",
                "shasum": ""
            },
            "require": {
                "php": "^5.3.2 || ^7.0"
            },
            "require-dev": {
                "phpunit/phpunit": "^4.5 || ^5.0.5"
            },
            "type": "library",
            "extra": {
                "branch-alias": {
                    "dev-master": "1.x-dev"
                }
            },
            "autoload": {
                "psr-4": {
                    "Composer\\Semver\\": "src"
                }
            },
            "notification-url": "https://packagist.org/downloads/",
            "license": [
                "MIT"
            ],
            "authors": [
                {
                    "name": "Nils Adermann",
                    "email": "naderman@naderman.de",
                    "homepage": "http://www.naderman.de"
                },
                {
                    "name": "Jordi Boggiano",
                    "email": "j.boggiano@seld.be",
                    "homepage": "http://seld.be"
                },
                {
                    "name": "Rob Bast",
                    "email": "rob.bast@gmail.com",
                    "homepage": "http://robbast.nl"
                }
            ],
            "description": "Semver library that offers utilities, version constraint parsing and validation.",
            "keywords": [
                "semantic",
                "semver",
                "validation",
                "versioning"
            ],
            "time": "2019-04-14T09:35:30+00:00"
        },
        {
            "name": "composer/xdebug-handler",
            "version": "1.3.3",
            "source": {
                "type": "git",
                "url": "https://github.com/composer/xdebug-handler.git",
                "reference": "46867cbf8ca9fb8d60c506895449eb799db1184f"
            },
            "dist": {
                "type": "zip",
                "url": "https://api.github.com/repos/composer/xdebug-handler/zipball/46867cbf8ca9fb8d60c506895449eb799db1184f",
                "reference": "46867cbf8ca9fb8d60c506895449eb799db1184f",
                "shasum": ""
            },
            "require": {
                "php": "^5.3.2 || ^7.0",
                "psr/log": "^1.0"
            },
            "require-dev": {
                "phpunit/phpunit": "^4.8.35 || ^5.7 || ^6.5"
            },
            "type": "library",
            "autoload": {
                "psr-4": {
                    "Composer\\XdebugHandler\\": "src"
                }
            },
            "notification-url": "https://packagist.org/downloads/",
            "license": [
                "MIT"
            ],
            "authors": [
                {
                    "name": "John Stevenson",
                    "email": "john-stevenson@blueyonder.co.uk"
                }
            ],
            "description": "Restarts a process without xdebug.",
            "keywords": [
                "Xdebug",
                "performance"
            ],
            "time": "2019-05-27T17:52:04+00:00"
        },
        {
            "name": "felixfbecker/advanced-json-rpc",
            "version": "v3.0.3",
            "source": {
                "type": "git",
                "url": "https://github.com/felixfbecker/php-advanced-json-rpc.git",
                "reference": "241c470695366e7b83672be04ea0e64d8085a551"
            },
            "dist": {
                "type": "zip",
                "url": "https://api.github.com/repos/felixfbecker/php-advanced-json-rpc/zipball/241c470695366e7b83672be04ea0e64d8085a551",
                "reference": "241c470695366e7b83672be04ea0e64d8085a551",
                "shasum": ""
            },
            "require": {
                "netresearch/jsonmapper": "^1.0",
                "php": ">=7.0",
                "phpdocumentor/reflection-docblock": "^4.0.0"
            },
            "require-dev": {
                "phpunit/phpunit": "^6.0.0"
            },
            "type": "library",
            "autoload": {
                "psr-4": {
                    "AdvancedJsonRpc\\": "lib/"
                }
            },
            "notification-url": "https://packagist.org/downloads/",
            "license": [
                "ISC"
            ],
            "authors": [
                {
                    "name": "Felix Becker",
                    "email": "felix.b@outlook.com"
                }
            ],
            "description": "A more advanced JSONRPC implementation",
            "time": "2018-09-10T08:58:41+00:00"
        },
        {
            "name": "felixfbecker/language-server",
            "version": "dev-master",
            "source": {
                "type": "git",
                "url": "https://github.com/felixfbecker/php-language-server.git",
                "reference": "9dc16565922ae1fcf18a69b15b3cd15152ea21e6"
            },
            "dist": {
                "type": "zip",
                "url": "https://api.github.com/repos/felixfbecker/php-language-server/zipball/9dc16565922ae1fcf18a69b15b3cd15152ea21e6",
                "reference": "9dc16565922ae1fcf18a69b15b3cd15152ea21e6",
                "shasum": ""
            },
            "require": {
                "composer/xdebug-handler": "^1.0",
                "felixfbecker/advanced-json-rpc": "^3.0.0",
                "felixfbecker/language-server-protocol": "^1.0.1",
                "jetbrains/phpstorm-stubs": "dev-master",
                "microsoft/tolerant-php-parser": "0.0.*",
                "netresearch/jsonmapper": "^1.0",
                "php": "^7.0",
                "phpdocumentor/reflection-docblock": "^4.0.0",
                "psr/log": "^1.0",
                "sabre/event": "^5.0",
                "sabre/uri": "^2.0",
                "webmozart/glob": "^4.1",
                "webmozart/path-util": "^2.3"
            },
            "require-dev": {
                "phan/phan": "1.1.4",
                "phpunit/phpunit": "^6.3",
                "squizlabs/php_codesniffer": "^3.1"
            },
            "bin": [
                "bin/php-language-server.php"
            ],
            "type": "library",
            "autoload": {
                "psr-4": {
                    "LanguageServer\\": "src/"
                },
                "files": [
                    "src/utils.php",
                    "src/FqnUtilities.php",
                    "src/ParserHelpers.php"
                ]
            },
            "notification-url": "https://packagist.org/downloads/",
            "license": [
                "ISC"
            ],
            "authors": [
                {
                    "name": "Felix Becker",
                    "email": "felix.b@outlook.com"
                }
            ],
            "description": "PHP Implementation of the Visual Studio Code Language Server Protocol",
            "keywords": [
                "autocompletion",
                "code",
                "intellisense",
                "language",
                "microsoft",
                "php",
                "refactor",
                "server",
                "studio",
                "visual"
            ],
            "time": "2018-12-12T15:29:42+00:00"
        },
        {
            "name": "felixfbecker/language-server-protocol",
            "version": "v1.4.0",
            "source": {
                "type": "git",
                "url": "https://github.com/felixfbecker/php-language-server-protocol.git",
                "reference": "378801f6139bb74ac215d81cca1272af61df9a9f"
            },
            "dist": {
                "type": "zip",
                "url": "https://api.github.com/repos/felixfbecker/php-language-server-protocol/zipball/378801f6139bb74ac215d81cca1272af61df9a9f",
                "reference": "378801f6139bb74ac215d81cca1272af61df9a9f",
                "shasum": ""
            },
            "require": {
                "php": "^7.0"
            },
            "require-dev": {
                "phpstan/phpstan": "*",
                "phpunit/phpunit": "^6.3",
                "squizlabs/php_codesniffer": "^3.1"
            },
            "type": "library",
            "autoload": {
                "psr-4": {
                    "LanguageServerProtocol\\": "src/"
                }
            },
            "notification-url": "https://packagist.org/downloads/",
            "license": [
                "ISC"
            ],
            "authors": [
                {
                    "name": "Felix Becker",
                    "email": "felix.b@outlook.com"
                }
            ],
            "description": "PHP classes for the Language Server Protocol",
            "keywords": [
                "language",
                "microsoft",
                "php",
                "server"
            ],
            "time": "2019-06-23T21:03:50+00:00"
        },
        {
            "name": "jetbrains/phpstorm-stubs",
            "version": "dev-master",
            "source": {
                "type": "git",
                "url": "https://github.com/JetBrains/phpstorm-stubs.git",
                "reference": "84c7a76d28ea91318b0009e383cf056475498435"
            },
            "dist": {
                "type": "zip",
                "url": "https://api.github.com/repos/JetBrains/phpstorm-stubs/zipball/84c7a76d28ea91318b0009e383cf056475498435",
                "reference": "84c7a76d28ea91318b0009e383cf056475498435",
                "shasum": ""
            },
            "require-dev": {
                "nikic/php-parser": "v4.0.1",
                "php": "^7.1",
                "phpdocumentor/reflection-docblock": "^4.3",
                "phpunit/phpunit": "7.1.4"
            },
            "type": "library",
            "autoload": {
                "files": [
                    "PhpStormStubsMap.php"
                ]
            },
            "notification-url": "https://packagist.org/downloads/",
            "license": [
                "Apache-2.0"
            ],
            "description": "PHP runtime & extensions header files for PhpStorm",
            "homepage": "https://www.jetbrains.com/phpstorm",
            "keywords": [
                "autocomplete",
                "code",
                "inference",
                "inspection",
                "jetbrains",
                "phpstorm",
                "stubs",
                "type"
            ],
            "time": "2019-08-08T09:33:34+00:00"
        },
        {
            "name": "microsoft/tolerant-php-parser",
            "version": "v0.0.18",
            "source": {
                "type": "git",
                "url": "https://github.com/microsoft/tolerant-php-parser.git",
                "reference": "e255aa978b45729094da2a1a6f9954044a244ff2"
            },
            "dist": {
                "type": "zip",
                "url": "https://api.github.com/repos/microsoft/tolerant-php-parser/zipball/e255aa978b45729094da2a1a6f9954044a244ff2",
                "reference": "e255aa978b45729094da2a1a6f9954044a244ff2",
                "shasum": ""
            },
            "require": {
                "php": ">=7.0"
            },
            "require-dev": {
                "phpunit/phpunit": "^6.4"
            },
            "type": "library",
            "autoload": {
                "psr-4": {
                    "Microsoft\\PhpParser\\": [
                        "src/"
                    ]
                }
            },
            "notification-url": "https://packagist.org/downloads/",
            "license": [
                "MIT"
            ],
            "authors": [
                {
                    "name": "Rob Lourens",
                    "email": "roblou@microsoft.com"
                }
            ],
            "description": "Tolerant PHP-to-AST parser designed for IDE usage scenarios",
            "time": "2019-07-01T02:21:00+00:00"
        },
        {
            "name": "netresearch/jsonmapper",
            "version": "v1.5.2",
            "source": {
                "type": "git",
                "url": "https://github.com/cweiske/jsonmapper.git",
                "reference": "caf41ab74ac7252f5f46db6c16ab0a8358e2e55c"
            },
            "dist": {
                "type": "zip",
                "url": "https://api.github.com/repos/cweiske/jsonmapper/zipball/caf41ab74ac7252f5f46db6c16ab0a8358e2e55c",
                "reference": "caf41ab74ac7252f5f46db6c16ab0a8358e2e55c",
                "shasum": ""
            },
            "require": {
                "php": ">=5.6"
            },
            "require-dev": {
                "phpunit/phpunit": "~4.8.35 || ~5.7 || ~6.4",
                "squizlabs/php_codesniffer": "~1.5"
            },
            "type": "library",
            "autoload": {
                "psr-0": {
                    "JsonMapper": "src/"
                }
            },
            "notification-url": "https://packagist.org/downloads/",
            "license": [
                "OSL-3.0"
            ],
            "authors": [
                {
                    "name": "Christian Weiske",
                    "role": "Developer",
                    "email": "cweiske@cweiske.de",
                    "homepage": "http://github.com/cweiske/jsonmapper/"
                }
            ],
            "description": "Map nested JSON structures onto PHP classes",
            "time": "2019-08-04T19:56:28+00:00"
        },
        {
            "name": "phan/phan",
            "version": "dev-master",
            "source": {
                "type": "git",
                "url": "https://github.com/phan/phan.git",
                "reference": "b0e530f4e983677792a90db15b12c4447f45f9dc"
            },
            "dist": {
                "type": "zip",
                "url": "https://api.github.com/repos/phan/phan/zipball/b0e530f4e983677792a90db15b12c4447f45f9dc",
                "reference": "b0e530f4e983677792a90db15b12c4447f45f9dc",
                "shasum": ""
            },
            "require": {
                "composer/semver": "^1.4",
                "composer/xdebug-handler": "^1.3.2",
                "ext-filter": "*",
                "ext-json": "*",
                "felixfbecker/advanced-json-rpc": "^3.0.3",
                "microsoft/tolerant-php-parser": "0.0.18",
                "php": "^7.1.0",
                "sabre/event": "^5.0",
                "symfony/console": "^2.3|^3.0|~4.0",
                "symfony/polyfill-mbstring": "^1.11.0"
            },
            "require-dev": {
                "brianium/paratest": "^2.2.0",
                "phpunit/phpunit": "^7.5.0"
            },
            "suggest": {
                "ext-ast": "Needed for parsing ASTs (unless --use-fallback-parser is used). 1.0.1+ is needed.",
                "ext-igbinary": "Improves performance of polyfill when ext-ast is unavailable",
                "ext-tokenizer": "Needed for non-AST support and file/line-based suppressions."
            },
            "bin": [
                "phan",
                "phan_client",
                "tocheckstyle"
            ],
            "type": "project",
            "autoload": {
                "psr-4": {
                    "Phan\\": "src/Phan"
                }
            },
            "notification-url": "https://packagist.org/downloads/",
            "license": [
                "MIT"
            ],
            "authors": [
                {
                    "name": "Tyson Andre"
                },
                {
                    "name": "Rasmus Lerdorf"
                },
                {
                    "name": "Andrew S. Morrison"
                }
            ],
            "description": "A static analyzer for PHP",
            "keywords": [
                "analyzer",
                "php",
                "static"
            ],
            "time": "2019-08-06T19:51:28+00:00"
        },
        {
            "name": "phpdocumentor/reflection-common",
            "version": "1.0.1",
            "source": {
                "type": "git",
                "url": "https://github.com/phpDocumentor/ReflectionCommon.git",
                "reference": "21bdeb5f65d7ebf9f43b1b25d404f87deab5bfb6"
            },
            "dist": {
                "type": "zip",
                "url": "https://api.github.com/repos/phpDocumentor/ReflectionCommon/zipball/21bdeb5f65d7ebf9f43b1b25d404f87deab5bfb6",
                "reference": "21bdeb5f65d7ebf9f43b1b25d404f87deab5bfb6",
                "shasum": ""
            },
            "require": {
                "php": ">=5.5"
            },
            "require-dev": {
                "phpunit/phpunit": "^4.6"
            },
            "type": "library",
            "extra": {
                "branch-alias": {
                    "dev-master": "1.0.x-dev"
                }
            },
            "autoload": {
                "psr-4": {
                    "phpDocumentor\\Reflection\\": [
                        "src"
                    ]
                }
            },
            "notification-url": "https://packagist.org/downloads/",
            "license": [
                "MIT"
            ],
            "authors": [
                {
                    "name": "Jaap van Otterdijk",
                    "email": "opensource@ijaap.nl"
                }
            ],
            "description": "Common reflection classes used by phpdocumentor to reflect the code structure",
            "homepage": "http://www.phpdoc.org",
            "keywords": [
                "FQSEN",
                "phpDocumentor",
                "phpdoc",
                "reflection",
                "static analysis"
            ],
            "time": "2017-09-11T18:02:19+00:00"
        },
        {
            "name": "phpdocumentor/reflection-docblock",
            "version": "4.3.1",
            "source": {
                "type": "git",
                "url": "https://github.com/phpDocumentor/ReflectionDocBlock.git",
                "reference": "bdd9f737ebc2a01c06ea7ff4308ec6697db9b53c"
            },
            "dist": {
                "type": "zip",
                "url": "https://api.github.com/repos/phpDocumentor/ReflectionDocBlock/zipball/bdd9f737ebc2a01c06ea7ff4308ec6697db9b53c",
                "reference": "bdd9f737ebc2a01c06ea7ff4308ec6697db9b53c",
                "shasum": ""
            },
            "require": {
                "php": "^7.0",
                "phpdocumentor/reflection-common": "^1.0.0",
                "phpdocumentor/type-resolver": "^0.4.0",
                "webmozart/assert": "^1.0"
            },
            "require-dev": {
                "doctrine/instantiator": "~1.0.5",
                "mockery/mockery": "^1.0",
                "phpunit/phpunit": "^6.4"
            },
            "type": "library",
            "extra": {
                "branch-alias": {
                    "dev-master": "4.x-dev"
                }
            },
            "autoload": {
                "psr-4": {
                    "phpDocumentor\\Reflection\\": [
                        "src/"
                    ]
                }
            },
            "notification-url": "https://packagist.org/downloads/",
            "license": [
                "MIT"
            ],
            "authors": [
                {
                    "name": "Mike van Riel",
                    "email": "me@mikevanriel.com"
                }
            ],
            "description": "With this component, a library can provide support for annotations via DocBlocks or otherwise retrieve information that is embedded in a DocBlock.",
            "time": "2019-04-30T17:48:53+00:00"
        },
        {
            "name": "phpdocumentor/type-resolver",
            "version": "0.4.0",
            "source": {
                "type": "git",
                "url": "https://github.com/phpDocumentor/TypeResolver.git",
                "reference": "9c977708995954784726e25d0cd1dddf4e65b0f7"
            },
            "dist": {
                "type": "zip",
                "url": "https://api.github.com/repos/phpDocumentor/TypeResolver/zipball/9c977708995954784726e25d0cd1dddf4e65b0f7",
                "reference": "9c977708995954784726e25d0cd1dddf4e65b0f7",
                "shasum": ""
            },
            "require": {
                "php": "^5.5 || ^7.0",
                "phpdocumentor/reflection-common": "^1.0"
            },
            "require-dev": {
                "mockery/mockery": "^0.9.4",
                "phpunit/phpunit": "^5.2||^4.8.24"
            },
            "type": "library",
            "extra": {
                "branch-alias": {
                    "dev-master": "1.0.x-dev"
                }
            },
            "autoload": {
                "psr-4": {
                    "phpDocumentor\\Reflection\\": [
                        "src/"
                    ]
                }
            },
            "notification-url": "https://packagist.org/downloads/",
            "license": [
                "MIT"
            ],
            "authors": [
                {
                    "name": "Mike van Riel",
                    "email": "me@mikevanriel.com"
                }
            ],
            "time": "2017-07-14T14:27:02+00:00"
        },
        {
            "name": "psr/container",
            "version": "dev-master",
            "source": {
                "type": "git",
                "url": "https://github.com/php-fig/container.git",
                "reference": "014d250daebff39eba15ba990eeb2a140798e77c"
            },
            "dist": {
                "type": "zip",
                "url": "https://api.github.com/repos/php-fig/container/zipball/014d250daebff39eba15ba990eeb2a140798e77c",
                "reference": "014d250daebff39eba15ba990eeb2a140798e77c",
                "shasum": ""
            },
            "require": {
                "php": ">=5.3.0"
            },
            "type": "library",
            "extra": {
                "branch-alias": {
                    "dev-master": "1.0.x-dev"
                }
            },
            "autoload": {
                "psr-4": {
                    "Psr\\Container\\": "src/"
                }
            },
            "notification-url": "https://packagist.org/downloads/",
            "license": [
                "MIT"
            ],
            "authors": [
                {
                    "name": "PHP-FIG",
                    "homepage": "http://www.php-fig.org/"
                }
            ],
            "description": "Common Container Interface (PHP FIG PSR-11)",
            "homepage": "https://github.com/php-fig/container",
            "keywords": [
                "PSR-11",
                "container",
                "container-interface",
                "container-interop",
                "psr"
            ],
            "time": "2018-12-29T15:36:03+00:00"
        },
        {
            "name": "psr/log",
            "version": "dev-master",
            "source": {
                "type": "git",
                "url": "https://github.com/php-fig/log.git",
                "reference": "c4421fcac1edd5a324fda73e589a5cf96e52ffd0"
            },
            "dist": {
                "type": "zip",
                "url": "https://api.github.com/repos/php-fig/log/zipball/c4421fcac1edd5a324fda73e589a5cf96e52ffd0",
                "reference": "c4421fcac1edd5a324fda73e589a5cf96e52ffd0",
                "shasum": ""
            },
            "require": {
                "php": ">=5.3.0"
            },
            "type": "library",
            "extra": {
                "branch-alias": {
                    "dev-master": "1.1.x-dev"
                }
            },
            "autoload": {
                "psr-4": {
                    "Psr\\Log\\": "Psr/Log/"
                }
            },
            "notification-url": "https://packagist.org/downloads/",
            "license": [
                "MIT"
            ],
            "authors": [
                {
                    "name": "PHP-FIG",
                    "homepage": "http://www.php-fig.org/"
                }
            ],
            "description": "Common interface for logging libraries",
            "homepage": "https://github.com/php-fig/log",
            "keywords": [
                "log",
                "psr",
                "psr-3"
            ],
            "time": "2018-11-21T13:42:00+00:00"
        },
        {
            "name": "sabre/event",
            "version": "5.0.3",
            "source": {
                "type": "git",
                "url": "https://github.com/sabre-io/event.git",
                "reference": "f5cf802d240df1257866d8813282b98aee3bc548"
            },
            "dist": {
                "type": "zip",
                "url": "https://api.github.com/repos/sabre-io/event/zipball/f5cf802d240df1257866d8813282b98aee3bc548",
                "reference": "f5cf802d240df1257866d8813282b98aee3bc548",
                "shasum": ""
            },
            "require": {
                "php": ">=7.0"
            },
            "require-dev": {
                "phpunit/phpunit": ">=6",
                "sabre/cs": "~1.0.0"
            },
            "type": "library",
            "autoload": {
                "psr-4": {
                    "Sabre\\Event\\": "lib/"
                },
                "files": [
                    "lib/coroutine.php",
                    "lib/Loop/functions.php",
                    "lib/Promise/functions.php"
                ]
            },
            "notification-url": "https://packagist.org/downloads/",
            "license": [
                "BSD-3-Clause"
            ],
            "authors": [
                {
                    "name": "Evert Pot",
                    "role": "Developer",
                    "email": "me@evertpot.com",
                    "homepage": "http://evertpot.com/"
                }
            ],
            "description": "sabre/event is a library for lightweight event-based programming",
            "homepage": "http://sabre.io/event/",
            "keywords": [
                "EventEmitter",
                "async",
                "coroutine",
                "eventloop",
                "events",
                "hooks",
                "plugin",
                "promise",
                "reactor",
                "signal"
            ],
            "time": "2018-03-05T13:55:47+00:00"
        },
        {
            "name": "sabre/uri",
            "version": "2.1.2",
            "source": {
                "type": "git",
                "url": "https://github.com/sabre-io/uri.git",
                "reference": "c260a55cbd2083c03484f56f72fe042fee0c17ed"
            },
            "dist": {
                "type": "zip",
                "url": "https://api.github.com/repos/sabre-io/uri/zipball/c260a55cbd2083c03484f56f72fe042fee0c17ed",
                "reference": "c260a55cbd2083c03484f56f72fe042fee0c17ed",
                "shasum": ""
            },
            "require": {
                "php": ">=7"
            },
            "require-dev": {
                "phpunit/phpunit": "^6"
            },
            "type": "library",
            "autoload": {
                "files": [
                    "lib/functions.php"
                ],
                "psr-4": {
                    "Sabre\\Uri\\": "lib/"
                }
            },
            "notification-url": "https://packagist.org/downloads/",
            "license": [
                "BSD-3-Clause"
            ],
            "authors": [
                {
                    "name": "Evert Pot",
                    "email": "me@evertpot.com",
                    "homepage": "http://evertpot.com/",
                    "role": "Developer"
                }
            ],
            "description": "Functions for making sense out of URIs.",
            "homepage": "http://sabre.io/uri/",
            "keywords": [
                "rfc3986",
                "uri",
                "url"
            ],
            "time": "2019-06-25T05:34:33+00:00"
        },
        {
            "name": "symfony/console",
            "version": "4.4.x-dev",
            "source": {
                "type": "git",
                "url": "https://github.com/symfony/console.git",
                "reference": "9fc875b9c16c54fdc7d4adff2560aa7fcf94a03e"
            },
            "dist": {
                "type": "zip",
                "url": "https://api.github.com/repos/symfony/console/zipball/9fc875b9c16c54fdc7d4adff2560aa7fcf94a03e",
                "reference": "9fc875b9c16c54fdc7d4adff2560aa7fcf94a03e",
                "shasum": ""
            },
            "require": {
                "php": "^7.1.3",
                "symfony/polyfill-mbstring": "~1.0",
                "symfony/polyfill-php73": "^1.8",
                "symfony/service-contracts": "^1.1"
            },
            "conflict": {
                "symfony/dependency-injection": "<3.4",
                "symfony/event-dispatcher": "<4.3|>=5",
                "symfony/lock": "<4.4",
                "symfony/process": "<3.3"
            },
            "provide": {
                "psr/log-implementation": "1.0"
            },
            "require-dev": {
                "psr/log": "~1.0",
                "symfony/config": "^3.4|^4.0|^5.0",
                "symfony/dependency-injection": "^3.4|^4.0|^5.0",
                "symfony/event-dispatcher": "^4.3",
                "symfony/lock": "^4.4|^5.0",
                "symfony/process": "^3.4|^4.0|^5.0",
                "symfony/var-dumper": "^4.3|^5.0"
            },
            "suggest": {
                "psr/log": "For using the console logger",
                "symfony/event-dispatcher": "",
                "symfony/lock": "",
                "symfony/process": ""
            },
            "type": "library",
            "extra": {
                "branch-alias": {
                    "dev-master": "4.4-dev"
                }
            },
            "autoload": {
                "psr-4": {
                    "Symfony\\Component\\Console\\": ""
                },
                "exclude-from-classmap": [
                    "/Tests/"
                ]
            },
            "notification-url": "https://packagist.org/downloads/",
            "license": [
                "MIT"
            ],
            "authors": [
                {
                    "name": "Fabien Potencier",
                    "email": "fabien@symfony.com"
                },
                {
                    "name": "Symfony Community",
                    "homepage": "https://symfony.com/contributors"
                }
            ],
            "description": "Symfony Console Component",
            "homepage": "https://symfony.com",
            "time": "2019-08-08T09:37:48+00:00"
        },
        {
            "name": "symfony/polyfill-ctype",
            "version": "dev-master",
            "source": {
                "type": "git",
                "url": "https://github.com/symfony/polyfill-ctype.git",
                "reference": "550ebaac289296ce228a706d0867afc34687e3f4"
            },
            "dist": {
                "type": "zip",
                "url": "https://api.github.com/repos/symfony/polyfill-ctype/zipball/550ebaac289296ce228a706d0867afc34687e3f4",
                "reference": "550ebaac289296ce228a706d0867afc34687e3f4",
                "shasum": ""
            },
            "require": {
                "php": ">=5.3.3"
            },
            "suggest": {
                "ext-ctype": "For best performance"
            },
            "type": "library",
            "extra": {
                "branch-alias": {
                    "dev-master": "1.12-dev"
                }
            },
            "autoload": {
                "psr-4": {
                    "Symfony\\Polyfill\\Ctype\\": ""
                },
                "files": [
                    "bootstrap.php"
                ]
            },
            "notification-url": "https://packagist.org/downloads/",
            "license": [
                "MIT"
            ],
            "authors": [
                {
                    "name": "Gert de Pagter",
                    "email": "BackEndTea@gmail.com"
                },
                {
                    "name": "Symfony Community",
                    "homepage": "https://symfony.com/contributors"
                }
            ],
            "description": "Symfony polyfill for ctype functions",
            "homepage": "https://symfony.com",
            "keywords": [
                "compatibility",
                "ctype",
                "polyfill",
                "portable"
            ],
            "time": "2019-08-06T08:03:45+00:00"
        },
        {
            "name": "symfony/polyfill-mbstring",
            "version": "dev-master",
            "source": {
                "type": "git",
                "url": "https://github.com/symfony/polyfill-mbstring.git",
                "reference": "b42a2f66e8f1b15ccf25652c3424265923eb4f17"
            },
            "dist": {
                "type": "zip",
                "url": "https://api.github.com/repos/symfony/polyfill-mbstring/zipball/b42a2f66e8f1b15ccf25652c3424265923eb4f17",
                "reference": "b42a2f66e8f1b15ccf25652c3424265923eb4f17",
                "shasum": ""
            },
            "require": {
                "php": ">=5.3.3"
            },
            "suggest": {
                "ext-mbstring": "For best performance"
            },
            "type": "library",
            "extra": {
                "branch-alias": {
                    "dev-master": "1.12-dev"
                }
            },
            "autoload": {
                "psr-4": {
                    "Symfony\\Polyfill\\Mbstring\\": ""
                },
                "files": [
                    "bootstrap.php"
                ]
            },
            "notification-url": "https://packagist.org/downloads/",
            "license": [
                "MIT"
            ],
            "authors": [
                {
                    "name": "Nicolas Grekas",
                    "email": "p@tchwork.com"
                },
                {
                    "name": "Symfony Community",
                    "homepage": "https://symfony.com/contributors"
                }
            ],
            "description": "Symfony polyfill for the Mbstring extension",
            "homepage": "https://symfony.com",
            "keywords": [
                "compatibility",
                "mbstring",
                "polyfill",
                "portable",
                "shim"
            ],
            "time": "2019-08-06T08:03:45+00:00"
        },
        {
            "name": "symfony/polyfill-php73",
            "version": "dev-master",
            "source": {
                "type": "git",
                "url": "https://github.com/symfony/polyfill-php73.git",
                "reference": "2ceb49eaccb9352bff54d22570276bb75ba4a188"
            },
            "dist": {
                "type": "zip",
                "url": "https://api.github.com/repos/symfony/polyfill-php73/zipball/2ceb49eaccb9352bff54d22570276bb75ba4a188",
                "reference": "2ceb49eaccb9352bff54d22570276bb75ba4a188",
                "shasum": ""
            },
            "require": {
                "php": ">=5.3.3"
            },
            "type": "library",
            "extra": {
                "branch-alias": {
                    "dev-master": "1.12-dev"
                }
            },
            "autoload": {
                "psr-4": {
                    "Symfony\\Polyfill\\Php73\\": ""
                },
                "files": [
                    "bootstrap.php"
                ],
                "classmap": [
                    "Resources/stubs"
                ]
            },
            "notification-url": "https://packagist.org/downloads/",
            "license": [
                "MIT"
            ],
            "authors": [
                {
                    "name": "Nicolas Grekas",
                    "email": "p@tchwork.com"
                },
                {
                    "name": "Symfony Community",
                    "homepage": "https://symfony.com/contributors"
                }
            ],
            "description": "Symfony polyfill backporting some PHP 7.3+ features to lower PHP versions",
            "homepage": "https://symfony.com",
            "keywords": [
                "compatibility",
                "polyfill",
                "portable",
                "shim"
            ],
            "time": "2019-08-06T08:03:45+00:00"
        },
        {
            "name": "symfony/service-contracts",
            "version": "dev-master",
            "source": {
                "type": "git",
                "url": "https://github.com/symfony/service-contracts.git",
                "reference": "3cd78bb952668d7bc1701f9599cf009353d50886"
            },
            "dist": {
                "type": "zip",
                "url": "https://api.github.com/repos/symfony/service-contracts/zipball/3cd78bb952668d7bc1701f9599cf009353d50886",
                "reference": "3cd78bb952668d7bc1701f9599cf009353d50886",
                "shasum": ""
            },
            "require": {
                "php": "^7.1.3",
                "psr/container": "^1.0"
            },
            "suggest": {
                "symfony/service-implementation": ""
            },
            "type": "library",
            "extra": {
                "branch-alias": {
                    "dev-master": "1.1-dev"
                }
            },
            "autoload": {
                "psr-4": {
                    "Symfony\\Contracts\\Service\\": ""
                }
            },
            "notification-url": "https://packagist.org/downloads/",
            "license": [
                "MIT"
            ],
            "authors": [
                {
                    "name": "Nicolas Grekas",
                    "email": "p@tchwork.com"
                },
                {
                    "name": "Symfony Community",
                    "homepage": "https://symfony.com/contributors"
                }
            ],
            "description": "Generic abstractions related to writing services",
            "homepage": "https://symfony.com",
            "keywords": [
                "abstractions",
                "contracts",
                "decoupling",
                "interfaces",
                "interoperability",
                "standards"
            ],
            "time": "2019-08-02T12:15:04+00:00"
        },
        {
            "name": "webmozart/assert",
            "version": "1.4.0",
            "source": {
                "type": "git",
                "url": "https://github.com/webmozart/assert.git",
                "reference": "83e253c8e0be5b0257b881e1827274667c5c17a9"
            },
            "dist": {
                "type": "zip",
                "url": "https://api.github.com/repos/webmozart/assert/zipball/83e253c8e0be5b0257b881e1827274667c5c17a9",
                "reference": "83e253c8e0be5b0257b881e1827274667c5c17a9",
                "shasum": ""
            },
            "require": {
                "php": "^5.3.3 || ^7.0",
                "symfony/polyfill-ctype": "^1.8"
            },
            "require-dev": {
                "phpunit/phpunit": "^4.6",
                "sebastian/version": "^1.0.1"
            },
            "type": "library",
            "extra": {
                "branch-alias": {
                    "dev-master": "1.3-dev"
                }
            },
            "autoload": {
                "psr-4": {
                    "Webmozart\\Assert\\": "src/"
                }
            },
            "notification-url": "https://packagist.org/downloads/",
            "license": [
                "MIT"
            ],
            "authors": [
                {
                    "name": "Bernhard Schussek",
                    "email": "bschussek@gmail.com"
                }
            ],
            "description": "Assertions to validate method input/output with nice error messages.",
            "keywords": [
                "assert",
                "check",
                "validate"
            ],
            "time": "2018-12-25T11:19:39+00:00"
        },
        {
            "name": "webmozart/glob",
            "version": "dev-master",
            "source": {
                "type": "git",
                "url": "https://github.com/webmozart/glob.git",
                "reference": "8da14867b709e8776d9f6272faaf844aefc695e3"
            },
            "dist": {
                "type": "zip",
                "url": "https://api.github.com/repos/webmozart/glob/zipball/8da14867b709e8776d9f6272faaf844aefc695e3",
                "reference": "8da14867b709e8776d9f6272faaf844aefc695e3",
                "shasum": ""
            },
            "require": {
                "php": "^5.3.3|^7.0",
                "webmozart/path-util": "^2.2"
            },
            "require-dev": {
                "phpunit/phpunit": "^4.6",
                "sebastian/version": "^1.0.1",
                "symfony/filesystem": "^2.5"
            },
            "type": "library",
            "extra": {
                "branch-alias": {
                    "dev-master": "4.1-dev"
                }
            },
            "autoload": {
                "psr-4": {
                    "Webmozart\\Glob\\": "src/"
                }
            },
            "notification-url": "https://packagist.org/downloads/",
            "license": [
                "MIT"
            ],
            "authors": [
                {
                    "name": "Bernhard Schussek",
                    "email": "bschussek@gmail.com"
                }
            ],
            "description": "A PHP implementation of Ant's glob.",
            "time": "2016-08-15T15:31:26+00:00"
        },
        {
            "name": "webmozart/path-util",
            "version": "dev-master",
            "source": {
                "type": "git",
                "url": "https://github.com/webmozart/path-util.git",
                "reference": "95a8f7ad150c2a3773ff3c3d04f557a24c99cfd2"
            },
            "dist": {
                "type": "zip",
                "url": "https://api.github.com/repos/webmozart/path-util/zipball/95a8f7ad150c2a3773ff3c3d04f557a24c99cfd2",
                "reference": "95a8f7ad150c2a3773ff3c3d04f557a24c99cfd2",
                "shasum": ""
            },
            "require": {
                "php": "^5.3.3|^7.0",
                "webmozart/assert": "~1.0"
            },
            "require-dev": {
                "phpunit/phpunit": "^4.6",
                "sebastian/version": "^1.0.1"
            },
            "type": "library",
            "extra": {
                "branch-alias": {
                    "dev-master": "2.3-dev"
                }
            },
            "autoload": {
                "psr-4": {
                    "Webmozart\\PathUtil\\": "src/"
                }
            },
            "notification-url": "https://packagist.org/downloads/",
            "license": [
                "MIT"
            ],
            "authors": [
                {
                    "name": "Bernhard Schussek",
                    "email": "bschussek@gmail.com"
                }
            ],
            "description": "A robust cross-platform utility for normalizing, comparing and modifying file paths.",
            "time": "2016-08-15T15:31:42+00:00"
        }
    ],
    "packages-dev": [],
    "aliases": [],
    "minimum-stability": "dev",
    "stability-flags": {
        "felixfbecker/language-server": 20,
        "phan/phan": 20
    },
    "prefer-stable": false,
    "prefer-lowest": false,
    "platform": [],
    "platform-dev": []
}
